
Microsoft Visual Studio Solution File, Format Version 12.00
# Visual Studio Version 17
VisualStudioVersion = 17.3.32901.215
MinimumVisualStudioVersion = 10.0.40219.1
Project("{FAE04EC0-301F-11D3-BF4B-00C04F79EFBC}") = "project 1", "project 1\project 1.csproj", "{F233F79B-48A8-4A62-83C0-5CA57C881C2C}"
EndProject
Global
	GlobalSection(SolutionConfigurationPlatforms) = preSolution
		Debug|Any CPU = Debug|Any CPU
		Release|Any CPU = Release|Any CPU
	EndGlobalSection
	GlobalSection(ProjectConfigurationPlatforms) = postSolution
		{F233F79B-48A8-4A62-83C0-5CA57C881C2C}.Debug|Any CPU.ActiveCfg = Debug|Any CPU
		{F233F79B-48A8-4A62-83C0-5CA57C881C2C}.Debug|Any CPU.Build.0 = Debug|Any CPU
		{F233F79B-48A8-4A62-83C0-5CA57C881C2C}.Release|Any CPU.ActiveCfg = Release|Any CPU
		{F233F79B-48A8-4A62-83C0-5CA57C881C2C}.Release|Any CPU.Build.0 = Release|Any CPU
	EndGlobalSection
	GlobalSection(SolutionProperties) = preSolution
		HideSolutionNode = FALSE
	EndGlobalSection
	GlobalSection(ExtensibilityGlobals) = postSolution
		SolutionGuid = {8AE88BCB-57CE-42CD-B363-C574194798A9}
	EndGlobalSection
EndGlobal
